<?xml version="1.0" encoding="utf-8"?>
<Project ToolsVersion="4.0" xmlns="http://schemas.microsoft.com/developer/msbuild/2003">
  <ItemGroup>
    <Filter Include="Source Files">
      <UniqueIdentifier>{4FC737F1-C7A5-4376-A066-2A32D752A2FF}</UniqueIdentifier>
      <Extensions>cpp;c;cc;cxx;def;odl;idl;hpj;bat;asm;asmx</Extensions>
    </Filter>
    <Filter Include="Header Files">
      <UniqueIdentifier>{93995380-89BD-4b04-88EB-625FBE52EBFB}</UniqueIdentifier>
      <Extensions>h;hh;hpp;hxx;hm;inl;inc;xsd</Extensions>
    </Filter>
  </ItemGroup>
  <ItemGroup>
    <ClInclude Include="CommanLineParser.h">
      <Filter>Header Files</Filter>
    </ClInclude>
    <ClInclude Include="Environment.h">
      <Filter>Header Files</Filter>
    </ClInclude>
    <ClInclude Include="Args.h">
      <Filter>Header Files</Filter>
    </ClInclude>
    <ClInclude Include="Console.h">
      <Filter>Header Files</Filter>
    </ClInclude>
    <ClInclude Include="Error.h">
      <Filter>Source Files</Filter>
    </ClInclude>
    <ClInclude Include="ErrorCode.h">
      <Filter>Source Files</Filter>
    </ClInclude>
    <ClInclude Include="ExitCode.h">
      <Filter>Source Files</Filter>
    </ClInclude>
    <ClInclude Include="Handle.h">
      <Filter>Source Files</Filter>
    </ClInclude>
    <ClInclude Include="HelpUtilities.h">
      <Filter>Source Files</Filter>
    </ClInclude>
    <ClInclude Include="InheritanceMode.h">
      <Filter>Source Files</Filter>
    </ClInclude>
    <ClInclude Include="IntegrityLevel.h">
      <Filter>Source Files</Filter>
    </ClInclude>
    <ClInclude Include="IProcess.h">
      <Filter>Source Files</Filter>
    </ClInclude>
    <ClInclude Include="IStreamWriter.h">
      <Filter>Source Files</Filter>
    </ClInclude>
    <ClInclude Include="Job.h">
      <Filter>Source Files</Filter>
    </ClInclude>
    <ClInclude Include="LogLevel.h">
      <Filter>Source Files</Filter>
    </ClInclude>
    <ClInclude Include="Pipe.h">
      <Filter>Source Files</Filter>
    </ClInclude>
    <ClInclude Include="ProcessAsUser.h">
      <Filter>Source Files</Filter>
    </ClInclude>
    <ClInclude Include="ProcessTracker.h">
      <Filter>Source Files</Filter>
    </ClInclude>
    <ClInclude Include="ProcessWithLogon.h">
      <Filter>Source Files</Filter>
    </ClInclude>
    <ClInclude Include="resource.h">
      <Filter>Source Files</Filter>
    </ClInclude>
    <ClInclude Include="Result.h">
      <Filter>Source Files</Filter>
    </ClInclude>
    <ClInclude Include="Runner.h">
      <Filter>Source Files</Filter>
    </ClInclude>
    <ClInclude Include="SecurityManager.h">
      <Filter>Source Files</Filter>
    </ClInclude>
    <ClInclude Include="SelfTest.h">
      <Filter>Source Files</Filter>
    </ClInclude>
    <ClInclude Include="Settings.h">
      <Filter>Source Files</Filter>
    </ClInclude>
    <ClInclude Include="ShowMode.h">
      <Filter>Source Files</Filter>
    </ClInclude>
    <ClInclude Include="ShowModeConverter.h">
      <Filter>Source Files</Filter>
    </ClInclude>
    <ClInclude Include="stdafx.h">
      <Filter>Source Files</Filter>
    </ClInclude>
    <ClInclude Include="StreamWriter.h">
      <Filter>Source Files</Filter>
    </ClInclude>
    <ClInclude Include="StringBuffer.h">
      <Filter>Source Files</Filter>
    </ClInclude>
    <ClInclude Include="StringUtilities.h">
      <Filter>Source Files</Filter>
    </ClInclude>
    <ClInclude Include="StringWriter.h">
      <Filter>Source Files</Filter>
    </ClInclude>
    <ClInclude Include="StubWriter.h">
      <Filter>Source Files</Filter>
    </ClInclude>
    <ClInclude Include="targetver.h">
      <Filter>Source Files</Filter>
    </ClInclude>
    <ClInclude Include="Trace.h">
      <Filter>Source Files</Filter>
    </ClInclude>
    <ClInclude Include="version.h">
      <Filter>Source Files</Filter>
    </ClInclude>
    <ClInclude Include="SelfTestStatistic.h">
      <Filter>Header Files</Filter>
    </ClInclude>
    <ClInclude Include="ProcessesSelector.h">
      <Filter>Header Files</Filter>
    </ClInclude>
    <ClInclude Include="AccountSid.h">
      <Filter>Header Files</Filter>
    </ClInclude>
  </ItemGroup>
  <ItemGroup>
    <ClCompile Include="stdafx.cpp">
      <Filter>Source Files</Filter>
    </ClCompile>
    <ClCompile Include="Settings.cpp">
      <Filter>Source Files</Filter>
    </ClCompile>
    <ClCompile Include="Pipe.cpp">
      <Filter>Source Files</Filter>
    </ClCompile>
    <ClCompile Include="Handle.cpp">
      <Filter>Source Files</Filter>
    </ClCompile>
    <ClCompile Include="HelpUtilities.cpp">
      <Filter>Source Files</Filter>
    </ClCompile>
    <ClCompile Include="Main.cpp">
      <Filter>Source Files</Filter>
    </ClCompile>
    <ClCompile Include="ProcessWithLogon.cpp">
      <Filter>Source Files</Filter>
    </ClCompile>
    <ClCompile Include="ProcessTracker.cpp">
      <Filter>Source Files</Filter>
    </ClCompile>
    <ClCompile Include="ProcessAsUser.cpp">
      <Filter>Source Files</Filter>
    </ClCompile>
    <ClCompile Include="StringUtilities.cpp">
      <Filter>Source Files</Filter>
    </ClCompile>
    <ClCompile Include="StreamWriter.cpp">
      <Filter>Source Files</Filter>
    </ClCompile>
    <ClCompile Include="StringWriter.cpp">
      <Filter>Source Files</Filter>
    </ClCompile>
    <ClCompile Include="StubWriter.cpp">
      <Filter>Source Files</Filter>
    </ClCompile>
    <ClCompile Include="Trace.cpp">
      <Filter>Source Files</Filter>
    </ClCompile>
    <ClCompile Include="Job.cpp">
      <Filter>Source Files</Filter>
    </ClCompile>
    <ClCompile Include="StringBuffer.cpp">
      <Filter>Source Files</Filter>
    </ClCompile>
    <ClCompile Include="ShowModeConverter.cpp">
      <Filter>Source Files</Filter>
    </ClCompile>
    <ClCompile Include="Runner.cpp">
      <Filter>Source Files</Filter>
    </ClCompile>
    <ClCompile Include="SelfTest.cpp">
      <Filter>Source Files</Filter>
    </ClCompile>
    <ClCompile Include="SecurityManager.cpp">
      <Filter>Source Files</Filter>
    </ClCompile>
    <ClCompile Include="CommanLineParser.cpp">
      <Filter>Source Files</Filter>
    </ClCompile>
    <ClCompile Include="Console.cpp">
      <Filter>Source Files</Filter>
    </ClCompile>
    <ClCompile Include="Environment.cpp">
      <Filter>Source Files</Filter>
    </ClCompile>
    <ClCompile Include="Error.cpp">
      <Filter>Source Files</Filter>
    </ClCompile>
    <ClCompile Include="SelfTestStatistic.cpp">
      <Filter>Source Files</Filter>
    </ClCompile>
    <ClCompile Include="ProcessesSelector.cpp">
      <Filter>Source Files</Filter>
    </ClCompile>
    <ClCompile Include="AccountSid.cpp">
      <Filter>Source Files</Filter>
    </ClCompile>
  </ItemGroup>
  <ItemGroup>
    <ResourceCompile Include="JetBrains.runAs.rc" />
  </ItemGroup>
</Project>